<?xml version="1.0" encoding="utf-8"?>
<Project ToolsVersion="4.0" xmlns="http://schemas.microsoft.com/developer/msbuild/2003">
  <ItemGroup>
    <Filter Include="Source Files">
      <UniqueIdentifier>{4FC737F1-C7A5-4376-A066-2A32D752A2FF}</UniqueIdentifier>
      <Extensions>cpp;c;cc;cxx;def;odl;idl;hpj;bat;asm;asmx</Extensions>
    </Filter>
    <Filter Include="Header Files">
      <UniqueIdentifier>{93995380-89BD-4b04-88EB-625FBE52EBFB}</UniqueIdentifier>
      <Extensions>h;hh;hpp;hxx;hm;inl;inc;xsd</Extensions>
    </Filter>
    <Filter Include="Resource Files">
      <UniqueIdentifier>{67DA6AB6-F800-4c08-8B7A-83BB121AAD01}</UniqueIdentifier>
      <Extensions>rc;ico;cur;bmp;dlg;rc2;rct;bin;rgs;gif;jpg;jpeg;jpe;resx;tiff;tif;png;wav;mfcribbon-ms</Extensions>
    </Filter>
    <Filter Include="Source Files\core">
      <UniqueIdentifier>{8832b48a-4719-407b-a610-343c9bff4e3b}</UniqueIdentifier>
    </Filter>
    <Filter Include="Source Files\fbx">
      <UniqueIdentifier>{7c52b1dc-49a8-4f2c-baa4-f1dd321b166d}</UniqueIdentifier>
    </Filter>
    <Filter Include="Header Files\core">
      <UniqueIdentifier>{042de653-1c57-4f90-8fc2-292dafa13848}</UniqueIdentifier>
    </Filter>
    <Filter Include="Header Files\fbx">
      <UniqueIdentifier>{54ac38c5-8a6c-42a6-a8f2-573d2eb4e7e2}</UniqueIdentifier>
    </Filter>
  </ItemGroup>
  <ItemGroup>
    <ClCompile Include="..\src\engine\fbx\fbx_geometry.cpp">
      <Filter>Source Files\fbx</Filter>
    </ClCompile>
    <ClCompile Include="..\src\engine\fbx\fbx_node_name.cpp">
      <Filter>Source Files\fbx</Filter>
    </ClCompile>
    <ClCompile Include="..\src\engine\fbx\fbx_opengl_geometry.cpp">
      <Filter>Source Files\fbx</Filter>
    </ClCompile>
    <ClCompile Include="..\src\engine\fbx\fbx_parser.cpp">
      <Filter>Source Files\fbx</Filter>
    </ClCompile>
    <ClCompile Include="..\src\engine\fbx\fbx_print.cpp">
      <Filter>Source Files\fbx</Filter>
    </ClCompile>
    <ClCompile Include="..\src\engine\fbx\fbx_property.cpp">
      <Filter>Source Files\fbx</Filter>
    </ClCompile>
    <ClCompile Include="..\src\engine\fbx\fbx_reader.cpp">
      <Filter>Source Files\fbx</Filter>
    </ClCompile>
    <ClCompile Include="..\src\engine\fbx\fbx_unzip.cpp">
      <Filter>Source Files\fbx</Filter>
    </ClCompile>
    <ClCompile Include="..\src\engine\fbx\fbx_value.cpp">
      <Filter>Source Files\fbx</Filter>
    </ClCompile>
    <ClCompile Include="..\src\engine\core\texture3D.cpp">
      <Filter>Source Files\core</Filter>
    </ClCompile>
    <ClCompile Include="..\src\engine\core\controls.cpp">
      <Filter>Source Files\core</Filter>
    </ClCompile>
    <ClCompile Include="..\src\engine\core\framebufferObject.cpp">
      <Filter>Source Files\core</Filter>
    </ClCompile>
    <ClCompile Include="..\src\engine\core\GLSLProgram.cpp">
      <Filter>Source Files\core</Filter>
    </ClCompile>
    <ClCompile Include="..\src\engine\core\material.cpp">
      <Filter>Source Files\core</Filter>
    </ClCompile>
    <ClCompile Include="..\src\engine\core\mesh.cpp">
      <Filter>Source Files\core</Filter>
    </ClCompile>
    <ClCompile Include="..\src\engine\core\postProcessor.cpp">
      <Filter>Source Files\core</Filter>
    </ClCompile>
    <ClCompile Include="..\src\engine\core\renderHub.cpp">
      <Filter>Source Files\core</Filter>
    </ClCompile>
    <ClCompile Include="..\src\engine\core\resourceManager.cpp">
      <Filter>Source Files\core</Filter>
    </ClCompile>
    <ClCompile Include="..\src\engine\core\scene.cpp">
      <Filter>Source Files\core</Filter>
    </ClCompile>
    <ClCompile Include="..\src\engine\core\sceneCamera.cpp">
      <Filter>Source Files\core</Filter>
    </ClCompile>
    <ClCompile Include="..\src\engine\core\sceneLightSource.cpp">
      <Filter>Source Files\core</Filter>
    </ClCompile>
    <ClCompile Include="..\src\engine\core\texture2D.cpp">
      <Filter>Source Files\core</Filter>
    </ClCompile>
  </ItemGroup>
  <ItemGroup>
    <ClInclude Include="..\src\engine\fbx\fbx_value.hpp">
      <Filter>Header Files\fbx</Filter>
    </ClInclude>
    <ClInclude Include="..\src\engine\fbx\fbx_exceptions.hpp">
      <Filter>Header Files\fbx</Filter>
    </ClInclude>
    <ClInclude Include="..\src\engine\fbx\fbx_generic_parser.hpp">
      <Filter>Header Files\fbx</Filter>
    </ClInclude>
    <ClInclude Include="..\src\engine\fbx\fbx_geometry.hpp">
      <Filter>Header Files\fbx</Filter>
    </ClInclude>
    <ClInclude Include="..\src\engine\fbx\fbx_node_name.hpp">
      <Filter>Header Files\fbx</Filter>
    </ClInclude>
    <ClInclude Include="..\src\engine\fbx\fbx_node_property.hpp">
      <Filter>Header Files\fbx</Filter>
    </ClInclude>
    <ClInclude Include="..\src\engine\fbx\fbx_opengl_geometry.hpp">
      <Filter>Header Files\fbx</Filter>
    </ClInclude>
    <ClInclude Include="..\src\engine\fbx\fbx_parser.hpp">
      <Filter>Header Files\fbx</Filter>
    </ClInclude>
    <ClInclude Include="..\src\engine\fbx\fbx_print.hpp">
      <Filter>Header Files\fbx</Filter>
    </ClInclude>
    <ClInclude Include="..\src\engine\fbx\fbx_property.hpp">
      <Filter>Header Files\fbx</Filter>
    </ClInclude>
    <ClInclude Include="..\src\engine\fbx\fbx_reader.hpp">
      <Filter>Header Files\fbx</Filter>
    </ClInclude>
    <ClInclude Include="..\src\engine\fbx\fbx_types.hpp">
      <Filter>Header Files\fbx</Filter>
    </ClInclude>
    <ClInclude Include="..\src\engine\fbx\fbx_unzip.hpp">
      <Filter>Header Files\fbx</Filter>
    </ClInclude>
    <ClInclude Include="..\src\engine\core\volumetricSceneObject.h">
      <Filter>Header Files\core</Filter>
    </ClInclude>
    <ClInclude Include="..\src\engine\core\controls.h">
      <Filter>Header Files\core</Filter>
    </ClInclude>
    <ClInclude Include="..\src\engine\core\framebufferObject.h">
      <Filter>Header Files\core</Filter>
    </ClInclude>
    <ClInclude Include="..\src\engine\core\GLSLProgram.h">
      <Filter>Header Files\core</Filter>
    </ClInclude>
    <ClInclude Include="..\src\engine\core\material.h">
      <Filter>Header Files\core</Filter>
    </ClInclude>
    <ClInclude Include="..\src\engine\core\mesh.h">
      <Filter>Header Files\core</Filter>
    </ClInclude>
    <ClInclude Include="..\src\engine\core\postProcessor.h">
      <Filter>Header Files\core</Filter>
    </ClInclude>
    <ClInclude Include="..\src\engine\core\renderHub.h">
      <Filter>Header Files\core</Filter>
    </ClInclude>
    <ClInclude Include="..\src\engine\core\resourceManager.h">
      <Filter>Header Files\core</Filter>
    </ClInclude>
    <ClInclude Include="..\src\engine\core\scene.h">
      <Filter>Header Files\core</Filter>
    </ClInclude>
    <ClInclude Include="..\src\engine\core\sceneCamera.h">
      <Filter>Header Files\core</Filter>
    </ClInclude>
    <ClInclude Include="..\src\engine\core\sceneEntity.h">
      <Filter>Header Files\core</Filter>
    </ClInclude>
    <ClInclude Include="..\src\engine\core\sceneLightSource.h">
      <Filter>Header Files\core</Filter>
    </ClInclude>
    <ClInclude Include="..\src\engine\core\staticSceneObject.h">
      <Filter>Header Files\core</Filter>
    </ClInclude>
    <ClInclude Include="..\src\engine\core\texture.h">
      <Filter>Header Files\core</Filter>
    </ClInclude>
    <ClInclude Include="..\src\engine\core\texture2D.h">
      <Filter>Header Files\core</Filter>
    </ClInclude>
    <ClInclude Include="..\src\engine\core\texture3D.h">
      <Filter>Header Files\core</Filter>
    </ClInclude>
    <ClInclude Include="..\src\engine\core\vertexStructs.h">
      <Filter>Header Files\core</Filter>
    </ClInclude>
  </ItemGroup>
</Project>