
Microsoft Visual Studio Solution File, Format Version 12.00
# Visual Studio 2013
VisualStudioVersion = 12.0.20623.1 VSUPREVIEW
MinimumVisualStudioVersion = 10.0.40219.1
Project("{8BC9CEB8-8B4A-11D0-8D11-00A0C91BC942}") = "fault-tolerant-visualization", "fault-tolerant-visualization.vcxproj", "{7DADBD23-7C6C-4AFD-A0CA-F7478254FD37}"
EndProject
Project("{8BC9CEB8-8B4A-11D0-8D11-00A0C91BC942}") = "engine", "engine.vcxproj", "{82E5FD08-4718-4434-AF3D-33C7D4DD5E5A}"
EndProject
Global
	GlobalSection(SolutionConfigurationPlatforms) = preSolution
		Debug|Win32 = Debug|Win32
		Debug|x64 = Debug|x64
		Release|Win32 = Release|Win32
		Release|x64 = Release|x64
	EndGlobalSection
	GlobalSection(ProjectConfigurationPlatforms) = postSolution
		{7DADBD23-7C6C-4AFD-A0CA-F7478254FD37}.Debug|Win32.ActiveCfg = Debug|Win32
		{7DADBD23-7C6C-4AFD-A0CA-F7478254FD37}.Debug|Win32.Build.0 = Debug|Win32
		{7DADBD23-7C6C-4AFD-A0CA-F7478254FD37}.Debug|x64.ActiveCfg = Debug|x64
		{7DADBD23-7C6C-4AFD-A0CA-F7478254FD37}.Debug|x64.Build.0 = Debug|x64
		{7DADBD23-7C6C-4AFD-A0CA-F7478254FD37}.Release|Win32.ActiveCfg = Release|Win32
		{7DADBD23-7C6C-4AFD-A0CA-F7478254FD37}.Release|Win32.Build.0 = Release|Win32
		{7DADBD23-7C6C-4AFD-A0CA-F7478254FD37}.Release|x64.ActiveCfg = Release|x64
		{7DADBD23-7C6C-4AFD-A0CA-F7478254FD37}.Release|x64.Build.0 = Release|x64
		{82E5FD08-4718-4434-AF3D-33C7D4DD5E5A}.Debug|Win32.ActiveCfg = Debug|Win32
		{82E5FD08-4718-4434-AF3D-33C7D4DD5E5A}.Debug|Win32.Build.0 = Debug|Win32
		{82E5FD08-4718-4434-AF3D-33C7D4DD5E5A}.Debug|x64.ActiveCfg = Debug|x64
		{82E5FD08-4718-4434-AF3D-33C7D4DD5E5A}.Debug|x64.Build.0 = Debug|x64
		{82E5FD08-4718-4434-AF3D-33C7D4DD5E5A}.Release|Win32.ActiveCfg = Release|Win32
		{82E5FD08-4718-4434-AF3D-33C7D4DD5E5A}.Release|Win32.Build.0 = Release|Win32
		{82E5FD08-4718-4434-AF3D-33C7D4DD5E5A}.Release|x64.ActiveCfg = Release|x64
		{82E5FD08-4718-4434-AF3D-33C7D4DD5E5A}.Release|x64.Build.0 = Release|x64
	EndGlobalSection
	GlobalSection(SolutionProperties) = preSolution
		HideSolutionNode = FALSE
	EndGlobalSection
EndGlobal
