<?xml version="1.0" encoding="utf-8"?>
<Project ToolsVersion="4.0" xmlns="http://schemas.microsoft.com/developer/msbuild/2003">
  <ItemGroup>
    <Filter Include="Source Files">
      <UniqueIdentifier>{4FC737F1-C7A5-4376-A066-2A32D752A2FF}</UniqueIdentifier>
      <Extensions>cpp;c;cc;cxx;def;odl;idl;hpj;bat;asm;asmx</Extensions>
    </Filter>
    <Filter Include="Header Files">
      <UniqueIdentifier>{93995380-89BD-4b04-88EB-625FBE52EBFB}</UniqueIdentifier>
      <Extensions>h;hh;hpp;hxx;hm;inl;inc;xsd</Extensions>
    </Filter>
    <Filter Include="Resource Files">
      <UniqueIdentifier>{67DA6AB6-F800-4c08-8B7A-83BB121AAD01}</UniqueIdentifier>
      <Extensions>rc;ico;cur;bmp;dlg;rc2;rct;bin;rgs;gif;jpg;jpeg;jpe;resx;tiff;tif;png;wav;mfcribbon-ms</Extensions>
    </Filter>
    <Filter Include="Header Files\gfx">
      <UniqueIdentifier>{9b3ed609-654c-41a9-a69d-61ee290446c1}</UniqueIdentifier>
    </Filter>
    <Filter Include="Source Files\gfx">
      <UniqueIdentifier>{14b6dcbd-0cbf-445d-b734-f06ea2746d5a}</UniqueIdentifier>
    </Filter>
    <Filter Include="Header Files\gfx\glowl">
      <UniqueIdentifier>{f8d0547f-ce92-49ef-9342-ccc049ce1d2a}</UniqueIdentifier>
    </Filter>
    <Filter Include="Source Files\gfx\gowl">
      <UniqueIdentifier>{bf8b19f3-353e-4206-9359-42854311eb1a}</UniqueIdentifier>
    </Filter>
    <Filter Include="Header Files\gfx\fbx">
      <UniqueIdentifier>{6aff5a89-0ea2-4395-b6eb-f9ceefeab263}</UniqueIdentifier>
    </Filter>
    <Filter Include="Source Files\gfx\fbx">
      <UniqueIdentifier>{27ab7e09-4ca6-4bdc-9ccf-d3847bd1c012}</UniqueIdentifier>
    </Filter>
  </ItemGroup>
  <ItemGroup>
    <ClInclude Include="..\..\src\engine\fbx\fbx_exceptions.hpp">
      <Filter>Header Files\gfx\fbx</Filter>
    </ClInclude>
    <ClInclude Include="..\..\src\engine\fbx\fbx_generic_parser.hpp">
      <Filter>Header Files\gfx\fbx</Filter>
    </ClInclude>
    <ClInclude Include="..\..\src\engine\fbx\fbx_geometry.hpp">
      <Filter>Header Files\gfx\fbx</Filter>
    </ClInclude>
    <ClInclude Include="..\..\src\engine\fbx\fbx_node_name.hpp">
      <Filter>Header Files\gfx\fbx</Filter>
    </ClInclude>
    <ClInclude Include="..\..\src\engine\fbx\fbx_node_property.hpp">
      <Filter>Header Files\gfx\fbx</Filter>
    </ClInclude>
    <ClInclude Include="..\..\src\engine\fbx\fbx_opengl_geometry.hpp">
      <Filter>Header Files\gfx\fbx</Filter>
    </ClInclude>
    <ClInclude Include="..\..\src\engine\fbx\fbx_parser.hpp">
      <Filter>Header Files\gfx\fbx</Filter>
    </ClInclude>
    <ClInclude Include="..\..\src\engine\fbx\fbx_print.hpp">
      <Filter>Header Files\gfx\fbx</Filter>
    </ClInclude>
    <ClInclude Include="..\..\src\engine\fbx\fbx_property.hpp">
      <Filter>Header Files\gfx\fbx</Filter>
    </ClInclude>
    <ClInclude Include="..\..\src\engine\fbx\fbx_reader.hpp">
      <Filter>Header Files\gfx\fbx</Filter>
    </ClInclude>
    <ClInclude Include="..\..\src\engine\fbx\fbx_types.hpp">
      <Filter>Header Files\gfx\fbx</Filter>
    </ClInclude>
    <ClInclude Include="..\..\src\engine\fbx\fbx_unzip.hpp">
      <Filter>Header Files\gfx\fbx</Filter>
    </ClInclude>
    <ClInclude Include="..\..\src\engine\fbx\fbx_value.hpp">
      <Filter>Header Files\gfx\fbx</Filter>
    </ClInclude>
    <ClInclude Include="..\..\..\glowl\include\glowl\framebufferObject.h">
      <Filter>Header Files\gfx\glowl</Filter>
    </ClInclude>
    <ClInclude Include="..\..\..\glowl\include\glowl\GLSLProgram.h">
      <Filter>Header Files\gfx\glowl</Filter>
    </ClInclude>
    <ClInclude Include="..\..\..\glowl\include\glowl\mesh.h">
      <Filter>Header Files\gfx\glowl</Filter>
    </ClInclude>
    <ClInclude Include="..\..\..\glowl\include\glowl\shaderStorageBufferObject.h">
      <Filter>Header Files\gfx\glowl</Filter>
    </ClInclude>
    <ClInclude Include="..\..\..\glowl\include\glowl\texture.h">
      <Filter>Header Files\gfx\glowl</Filter>
    </ClInclude>
    <ClInclude Include="..\..\..\glowl\include\glowl\texture2D.h">
      <Filter>Header Files\gfx\glowl</Filter>
    </ClInclude>
    <ClInclude Include="..\..\src\engine\types.hpp">
      <Filter>Header Files</Filter>
    </ClInclude>
    <ClInclude Include="..\..\src\engine\RenderJobs.hpp">
      <Filter>Header Files\gfx</Filter>
    </ClInclude>
    <ClInclude Include="..\..\src\engine\MTQueue.hpp">
      <Filter>Header Files</Filter>
    </ClInclude>
    <ClInclude Include="..\..\src\engine\TransformComponent.hpp">
      <Filter>Header Files</Filter>
    </ClInclude>
    <ClInclude Include="..\..\src\engine\LightComponent.hpp">
      <Filter>Header Files</Filter>
    </ClInclude>
    <ClInclude Include="..\..\src\engine\EntityManager.hpp">
      <Filter>Header Files</Filter>
    </ClInclude>
    <ClInclude Include="..\..\src\engine\CameraComponent.hpp">
      <Filter>Header Files</Filter>
    </ClInclude>
    <ClInclude Include="..\..\src\engine\RenderingPipeline.hpp">
      <Filter>Header Files\gfx</Filter>
    </ClInclude>
    <ClInclude Include="..\..\src\engine\Material.h">
      <Filter>Header Files\gfx</Filter>
    </ClInclude>
    <ClInclude Include="..\..\src\engine\ResourceManager.h">
      <Filter>Header Files\gfx</Filter>
    </ClInclude>
    <ClInclude Include="..\..\src\engine\Controls.hpp">
      <Filter>Header Files</Filter>
    </ClInclude>
    <ClInclude Include="..\..\src\engine\vertexStructs.h">
      <Filter>Header Files\gfx</Filter>
    </ClInclude>
    <ClInclude Include="..\..\src\engine\DeferredRenderingPipeline.hpp">
      <Filter>Header Files\gfx</Filter>
    </ClInclude>
    <ClInclude Include="..\..\src\engine\AdvancedDeferredRenderingPipeline.hpp">
      <Filter>Header Files\gfx</Filter>
    </ClInclude>
    <ClInclude Include="..\..\src\engine\AirplanePhysicsComponent.hpp">
      <Filter>Header Files</Filter>
    </ClInclude>
    <ClInclude Include="..\..\src\engine\ComputeJobs.hpp">
      <Filter>Header Files\gfx</Filter>
    </ClInclude>
    <ClInclude Include="..\..\..\glowl\include\glowl\texture3D.h">
      <Filter>Header Files\gfx\glowl</Filter>
    </ClInclude>
    <ClInclude Include="..\..\src\engine\AtmosphereComponent.hpp">
      <Filter>Header Files</Filter>
    </ClInclude>
  </ItemGroup>
  <ItemGroup>
    <ClCompile Include="..\..\src\engine\fbx\fbx_geometry.cpp">
      <Filter>Source Files\gfx\fbx</Filter>
    </ClCompile>
    <ClCompile Include="..\..\src\engine\fbx\fbx_node_name.cpp">
      <Filter>Source Files\gfx\fbx</Filter>
    </ClCompile>
    <ClCompile Include="..\..\src\engine\fbx\fbx_opengl_geometry.cpp">
      <Filter>Source Files\gfx\fbx</Filter>
    </ClCompile>
    <ClCompile Include="..\..\src\engine\fbx\fbx_parser.cpp">
      <Filter>Source Files\gfx\fbx</Filter>
    </ClCompile>
    <ClCompile Include="..\..\src\engine\fbx\fbx_print.cpp">
      <Filter>Source Files\gfx\fbx</Filter>
    </ClCompile>
    <ClCompile Include="..\..\src\engine\fbx\fbx_property.cpp">
      <Filter>Source Files\gfx\fbx</Filter>
    </ClCompile>
    <ClCompile Include="..\..\src\engine\fbx\fbx_reader.cpp">
      <Filter>Source Files\gfx\fbx</Filter>
    </ClCompile>
    <ClCompile Include="..\..\src\engine\fbx\fbx_unzip.cpp">
      <Filter>Source Files\gfx\fbx</Filter>
    </ClCompile>
    <ClCompile Include="..\..\src\engine\fbx\fbx_value.cpp">
      <Filter>Source Files\gfx\fbx</Filter>
    </ClCompile>
    <ClCompile Include="..\..\src\engine\main.cpp">
      <Filter>Source Files</Filter>
    </ClCompile>
    <ClCompile Include="..\..\..\glowl\src\texture2D.cpp">
      <Filter>Source Files\gfx\gowl</Filter>
    </ClCompile>
    <ClCompile Include="..\..\..\glowl\src\framebufferObject.cpp">
      <Filter>Source Files\gfx\gowl</Filter>
    </ClCompile>
    <ClCompile Include="..\..\..\glowl\src\GLSLProgram.cpp">
      <Filter>Source Files\gfx\gowl</Filter>
    </ClCompile>
    <ClCompile Include="..\..\..\glowl\src\mesh.cpp">
      <Filter>Source Files\gfx\gowl</Filter>
    </ClCompile>
    <ClCompile Include="..\..\..\glowl\src\shaderStorageBufferObject.cpp">
      <Filter>Source Files\gfx\gowl</Filter>
    </ClCompile>
    <ClCompile Include="..\..\src\engine\EntityManager.cpp">
      <Filter>Source Files</Filter>
    </ClCompile>
    <ClCompile Include="..\..\src\engine\TransformComponent.cpp">
      <Filter>Source Files</Filter>
    </ClCompile>
    <ClCompile Include="..\..\src\engine\RenderJobs.cpp">
      <Filter>Source Files\gfx</Filter>
    </ClCompile>
    <ClCompile Include="..\..\src\engine\CameraComponent.cpp">
      <Filter>Source Files</Filter>
    </ClCompile>
    <ClCompile Include="..\..\src\engine\RenderingPipeline.cpp">
      <Filter>Source Files\gfx</Filter>
    </ClCompile>
    <ClCompile Include="..\..\src\engine\Material.cpp">
      <Filter>Source Files\gfx</Filter>
    </ClCompile>
    <ClCompile Include="..\..\src\engine\ResourceManager.cpp">
      <Filter>Source Files\gfx</Filter>
    </ClCompile>
    <ClCompile Include="..\..\src\engine\LightComponent.cpp">
      <Filter>Source Files</Filter>
    </ClCompile>
    <ClCompile Include="..\..\src\engine\Controls.cpp">
      <Filter>Source Files</Filter>
    </ClCompile>
    <ClCompile Include="..\..\src\engine\DeferredRenderingPipeline.cpp">
      <Filter>Source Files\gfx</Filter>
    </ClCompile>
    <ClCompile Include="..\..\src\engine\AdvancedDeferredRenderingPipeline.cpp">
      <Filter>Source Files\gfx</Filter>
    </ClCompile>
    <ClCompile Include="..\..\src\engine\AirplanePhysicsComponent.cpp">
      <Filter>Source Files</Filter>
    </ClCompile>
    <ClCompile Include="..\..\src\engine\ComputeJobs.cpp">
      <Filter>Source Files\gfx</Filter>
    </ClCompile>
    <ClCompile Include="..\..\..\glowl\src\texture3D.cpp">
      <Filter>Source Files\gfx\gowl</Filter>
    </ClCompile>
    <ClCompile Include="..\..\src\engine\AtmosphereComponent.cpp">
      <Filter>Source Files</Filter>
    </ClCompile>
  </ItemGroup>
</Project>