<?xml version="1.0" encoding="utf-8"?>
<Project ToolsVersion="4.0" xmlns="http://schemas.microsoft.com/developer/msbuild/2003">
  <ItemGroup>
    <Filter Include="Source Files">
      <UniqueIdentifier>{4FC737F1-C7A5-4376-A066-2A32D752A2FF}</UniqueIdentifier>
      <Extensions>cpp;c;cc;cxx;def;odl;idl;hpj;bat;asm;asmx</Extensions>
    </Filter>
    <Filter Include="Header Files">
      <UniqueIdentifier>{93995380-89BD-4b04-88EB-625FBE52EBFB}</UniqueIdentifier>
      <Extensions>h;hh;hpp;hxx;hm;inl;inc;ipp;xsd</Extensions>
    </Filter>
    <Filter Include="Resource Files">
      <UniqueIdentifier>{67DA6AB6-F800-4c08-8B7A-83BB121AAD01}</UniqueIdentifier>
      <Extensions>rc;ico;cur;bmp;dlg;rc2;rct;bin;rgs;gif;jpg;jpeg;jpe;resx;tiff;tif;png;wav;mfcribbon-ms</Extensions>
    </Filter>
    <Filter Include="Header Files\EngineCore">
      <UniqueIdentifier>{636602d5-ed14-4703-baf6-f6fa6b5a4e49}</UniqueIdentifier>
    </Filter>
    <Filter Include="Header Files\Editor">
      <UniqueIdentifier>{5ee031c3-2e6f-441e-88eb-76b076998b50}</UniqueIdentifier>
    </Filter>
    <Filter Include="Header Files\External">
      <UniqueIdentifier>{8cc61768-ed0a-4739-ad14-9e99ef5d5051}</UniqueIdentifier>
    </Filter>
    <Filter Include="Source Files\EngineCore">
      <UniqueIdentifier>{5897cf7d-247b-4ce1-8438-ec47c42166a7}</UniqueIdentifier>
    </Filter>
    <Filter Include="Source Files\External">
      <UniqueIdentifier>{5b432cdf-b638-4b9d-ad93-16d9453254df}</UniqueIdentifier>
    </Filter>
    <Filter Include="Source Files\Editor">
      <UniqueIdentifier>{172445cb-9367-4f78-9f80-76b22b00940f}</UniqueIdentifier>
    </Filter>
    <Filter Include="Header Files\EngineCore\Animation">
      <UniqueIdentifier>{8e92b857-8e8b-4f03-9909-0395221a8e8d}</UniqueIdentifier>
    </Filter>
    <Filter Include="Header Files\EngineCore\Common">
      <UniqueIdentifier>{3fe94b32-6a8b-4b56-bdae-c8946c09911a}</UniqueIdentifier>
    </Filter>
    <Filter Include="Header Files\EngineCore\Graphics">
      <UniqueIdentifier>{1450a384-5da7-4fdf-a956-1e12fbe81167}</UniqueIdentifier>
    </Filter>
    <Filter Include="Header Files\EngineCore\Physics">
      <UniqueIdentifier>{d118eaa5-ec8a-4545-b5d9-d83da562c20a}</UniqueIdentifier>
    </Filter>
    <Filter Include="Header Files\EngineCore\Utility">
      <UniqueIdentifier>{934070d7-0c5a-4e46-8c1d-fb70fdefe5b1}</UniqueIdentifier>
    </Filter>
    <Filter Include="Source Files\EngineCore\Animation">
      <UniqueIdentifier>{ac431ed9-0186-49a3-b1e9-325d9363ba0b}</UniqueIdentifier>
    </Filter>
    <Filter Include="Source Files\EngineCore\Common">
      <UniqueIdentifier>{7a1d4044-e277-4b40-b817-32ec025caa06}</UniqueIdentifier>
    </Filter>
    <Filter Include="Source Files\EngineCore\Graphics">
      <UniqueIdentifier>{43875486-bcd5-4039-bf81-68baf3b51538}</UniqueIdentifier>
    </Filter>
    <Filter Include="Source Files\EngineCore\Utility">
      <UniqueIdentifier>{224a67ed-69f2-418c-8a58-8b2ad4e8c722}</UniqueIdentifier>
    </Filter>
    <Filter Include="Source Files\EngineCore\Physics">
      <UniqueIdentifier>{b71d8782-0332-40dd-b5c2-1790944e3868}</UniqueIdentifier>
    </Filter>
    <Filter Include="Header Files\External\glowl">
      <UniqueIdentifier>{0234351c-3d80-44f7-979f-b1cc7804f7aa}</UniqueIdentifier>
    </Filter>
    <Filter Include="Header Files\External\glad">
      <UniqueIdentifier>{958c2dcd-6d90-44b7-860c-543948e78fcf}</UniqueIdentifier>
    </Filter>
    <Filter Include="Header Files\External\tinygltf">
      <UniqueIdentifier>{926f3eae-8532-4e2d-9a0c-16372445c1b9}</UniqueIdentifier>
    </Filter>
    <Filter Include="Source Files\External\glowl">
      <UniqueIdentifier>{8755da9c-0697-49de-a56e-4182b47149be}</UniqueIdentifier>
    </Filter>
    <Filter Include="Source Files\External\glad">
      <UniqueIdentifier>{8d656974-98ee-46fd-b8ed-4117fbbba707}</UniqueIdentifier>
    </Filter>
    <Filter Include="Source Files\External\tinygltf">
      <UniqueIdentifier>{08446563-7d0c-4df0-95d1-b5cc00e2932c}</UniqueIdentifier>
    </Filter>
    <Filter Include="Header Files\EngineCore\Graphics\OpenGL">
      <UniqueIdentifier>{48a007c8-fb23-49e3-b842-ceb89f6c65c3}</UniqueIdentifier>
    </Filter>
    <Filter Include="Source Files\EngineCore\Graphics\OpenGL">
      <UniqueIdentifier>{c6c1ed83-3884-4273-b1fa-e957cb858a30}</UniqueIdentifier>
    </Filter>
    <Filter Include="Header Files\External\lodepng">
      <UniqueIdentifier>{46b231c9-6d75-4247-95dc-13b0117fa597}</UniqueIdentifier>
    </Filter>
    <Filter Include="Source Files\External\lodepng">
      <UniqueIdentifier>{322e1bb1-bdf3-42f5-9de2-5b9b6effb046}</UniqueIdentifier>
    </Filter>
    <Filter Include="Header Files\External\imgui">
      <UniqueIdentifier>{729fec6d-eb7d-4cf3-a4aa-36b39c804dc5}</UniqueIdentifier>
    </Filter>
    <Filter Include="Source Files\External\imgui">
      <UniqueIdentifier>{b5bd4e01-6557-4f3c-ae41-b90337410b7e}</UniqueIdentifier>
    </Filter>
  </ItemGroup>
  <ItemGroup>
    <ClInclude Include="..\..\src\EngineCore\EngineFrontend.hpp">
      <Filter>Header Files\EngineCore\Common</Filter>
    </ClInclude>
    <ClInclude Include="..\..\src\EngineCore\EntityManager.hpp">
      <Filter>Header Files\EngineCore\Common</Filter>
    </ClInclude>
    <ClInclude Include="..\..\src\EngineCore\Frame.hpp">
      <Filter>Header Files\EngineCore\Common</Filter>
    </ClInclude>
    <ClInclude Include="..\..\src\EngineCore\WorldState.hpp">
      <Filter>Header Files\EngineCore\Common</Filter>
    </ClInclude>
    <ClInclude Include="..\..\src\EngineCore\MTQueue.hpp">
      <Filter>Header Files\EngineCore\Utility</Filter>
    </ClInclude>
    <ClInclude Include="..\..\src\EngineCore\TaskSchedueler.hpp">
      <Filter>Header Files\EngineCore\Utility</Filter>
    </ClInclude>
    <ClInclude Include="..\..\src\EngineCore\types.hpp">
      <Filter>Header Files\EngineCore\Utility</Filter>
    </ClInclude>
    <ClInclude Include="..\..\src\EngineCore\utility.hpp">
      <Filter>Header Files\EngineCore\Utility</Filter>
    </ClInclude>
    <ClInclude Include="..\..\src\External\glowl\include\glowl\VertexLayout.hpp">
      <Filter>Header Files\External\glowl</Filter>
    </ClInclude>
    <ClInclude Include="..\..\src\External\glowl\include\glowl\BufferObject.hpp">
      <Filter>Header Files\External\glowl</Filter>
    </ClInclude>
    <ClInclude Include="..\..\src\External\glowl\include\glowl\FramebufferObject.hpp">
      <Filter>Header Files\External\glowl</Filter>
    </ClInclude>
    <ClInclude Include="..\..\src\External\glowl\include\glowl\glowl.h">
      <Filter>Header Files\External\glowl</Filter>
    </ClInclude>
    <ClInclude Include="..\..\src\External\glowl\include\glowl\GLSLProgram.hpp">
      <Filter>Header Files\External\glowl</Filter>
    </ClInclude>
    <ClInclude Include="..\..\src\External\glowl\include\glowl\Mesh.hpp">
      <Filter>Header Files\External\glowl</Filter>
    </ClInclude>
    <ClInclude Include="..\..\src\External\glowl\include\glowl\ShaderStorageBufferObject.hpp">
      <Filter>Header Files\External\glowl</Filter>
    </ClInclude>
    <ClInclude Include="..\..\src\External\glowl\include\glowl\Texture.hpp">
      <Filter>Header Files\External\glowl</Filter>
    </ClInclude>
    <ClInclude Include="..\..\src\External\glowl\include\glowl\Texture2D.hpp">
      <Filter>Header Files\External\glowl</Filter>
    </ClInclude>
    <ClInclude Include="..\..\src\External\glowl\include\glowl\Texture2DArray.hpp">
      <Filter>Header Files\External\glowl</Filter>
    </ClInclude>
    <ClInclude Include="..\..\src\External\glowl\include\glowl\Texture2DView.hpp">
      <Filter>Header Files\External\glowl</Filter>
    </ClInclude>
    <ClInclude Include="..\..\src\External\glowl\include\glowl\Texture3D.hpp">
      <Filter>Header Files\External\glowl</Filter>
    </ClInclude>
    <ClInclude Include="..\..\src\External\glowl\include\glowl\Texture3DView.hpp">
      <Filter>Header Files\External\glowl</Filter>
    </ClInclude>
    <ClInclude Include="..\..\src\External\glowl\include\glowl\TextureCubemapArray.hpp">
      <Filter>Header Files\External\glowl</Filter>
    </ClInclude>
    <ClInclude Include="..\..\src\External\glad\include\glad\glad.h">
      <Filter>Header Files\External\glad</Filter>
    </ClInclude>
    <ClInclude Include="..\..\src\External\glad\include\KHR\khrplatform.h">
      <Filter>Header Files\External\glad</Filter>
    </ClInclude>
    <ClInclude Include="..\..\src\EngineCore\RenderPass.hpp">
      <Filter>Header Files\EngineCore\Graphics</Filter>
    </ClInclude>
    <ClInclude Include="..\..\src\EngineCore\OpenGL\ResourceManager.hpp">
      <Filter>Header Files\EngineCore\Graphics\OpenGL</Filter>
    </ClInclude>
    <ClInclude Include="..\..\src\EngineCore\TransformComponentManager.hpp">
      <Filter>Header Files\EngineCore\Common</Filter>
    </ClInclude>
    <ClInclude Include="..\..\src\EngineCore\DebugNameComponentManager.hpp">
      <Filter>Header Files\EngineCore\Common</Filter>
    </ClInclude>
    <ClInclude Include="..\..\src\EngineCore\OpenGL\GraphicsBackend.hpp">
      <Filter>Header Files\EngineCore\Graphics\OpenGL</Filter>
    </ClInclude>
    <ClInclude Include="..\..\src\EngineCore\OpenGL\BasicRenderingPipeline.hpp">
      <Filter>Header Files\EngineCore\Graphics\OpenGL</Filter>
    </ClInclude>
    <ClInclude Include="..\..\src\EngineCore\BaseResourceManager.hpp">
      <Filter>Header Files\EngineCore\Graphics</Filter>
    </ClInclude>
    <ClInclude Include="..\..\src\EngineCore\ResourceLoading.hpp">
      <Filter>Header Files\EngineCore\Utility</Filter>
    </ClInclude>
    <ClInclude Include="..\..\src\External\lodepng\lodepng.h">
      <Filter>Header Files\External\lodepng</Filter>
    </ClInclude>
    <ClInclude Include="..\..\src\External\imgui\imgui.h">
      <Filter>Header Files\External\imgui</Filter>
    </ClInclude>
    <ClInclude Include="..\..\src\External\imgui\examples\imgui_impl_glfw.h">
      <Filter>Header Files\External\imgui</Filter>
    </ClInclude>
    <ClInclude Include="..\..\src\External\imgui\imgui_internal.h">
      <Filter>Header Files\External\imgui</Filter>
    </ClInclude>
    <ClInclude Include="..\..\src\External\imgui\imconfig.h">
      <Filter>Header Files\External\imgui</Filter>
    </ClInclude>
    <ClInclude Include="..\..\src\External\imgui\imstb_rectpack.h">
      <Filter>Header Files\External\imgui</Filter>
    </ClInclude>
    <ClInclude Include="..\..\src\External\imgui\imstb_textedit.h">
      <Filter>Header Files\External\imgui</Filter>
    </ClInclude>
    <ClInclude Include="..\..\src\External\imgui\imstb_truetype.h">
      <Filter>Header Files\External\imgui</Filter>
    </ClInclude>
    <ClInclude Include="..\..\src\EngineCore\MaterialComponentManager.hpp">
      <Filter>Header Files\EngineCore\Graphics</Filter>
    </ClInclude>
    <ClInclude Include="..\..\src\EngineCore\MeshComponentManager.hpp">
      <Filter>Header Files\EngineCore\Graphics</Filter>
    </ClInclude>
    <ClInclude Include="..\..\src\EngineCore\RenderTaskComponentManager.hpp">
      <Filter>Header Files\EngineCore\Graphics</Filter>
    </ClInclude>
    <ClInclude Include="..\..\src\EngineCore\AirplanePhysicsComponent.hpp">
      <Filter>Header Files\EngineCore\Physics</Filter>
    </ClInclude>
    <ClInclude Include="..\..\src\EngineCore\BaseComponentManager.hpp">
      <Filter>Header Files\EngineCore\Common</Filter>
    </ClInclude>
    <ClInclude Include="..\..\src\EngineCore\SunlightComponentManager.hpp">
      <Filter>Header Files\EngineCore\Graphics</Filter>
    </ClInclude>
    <ClInclude Include="..\..\src\EngineCore\PointlightComponent.hpp">
      <Filter>Header Files\EngineCore\Graphics</Filter>
    </ClInclude>
    <ClInclude Include="..\..\src\EngineCore\CameraComponent.hpp">
      <Filter>Header Files\EngineCore\Graphics</Filter>
    </ClInclude>
  </ItemGroup>
  <ItemGroup>
    <ClCompile Include="..\..\src\EngineCore\EngineFrontend.cpp">
      <Filter>Source Files\EngineCore\Common</Filter>
    </ClCompile>
    <ClCompile Include="..\..\src\EngineCore\EntityManager.cpp">
      <Filter>Source Files\EngineCore\Common</Filter>
    </ClCompile>
    <ClCompile Include="..\..\src\EngineCore\Frame.cpp">
      <Filter>Source Files\EngineCore\Common</Filter>
    </ClCompile>
    <ClCompile Include="..\..\src\EngineCore\WorldState.cpp">
      <Filter>Source Files\EngineCore\Common</Filter>
    </ClCompile>
    <ClCompile Include="..\..\src\EngineCore\main.cpp">
      <Filter>Source Files</Filter>
    </ClCompile>
    <ClCompile Include="..\..\src\EngineCore\TaskSchedueler.cpp">
      <Filter>Source Files\EngineCore\Utility</Filter>
    </ClCompile>
    <ClCompile Include="..\..\src\External\glowl\src\TextureCubemapArray.cpp">
      <Filter>Source Files\External\glowl</Filter>
    </ClCompile>
    <ClCompile Include="..\..\src\External\glowl\src\BufferObject.cpp">
      <Filter>Source Files\External\glowl</Filter>
    </ClCompile>
    <ClCompile Include="..\..\src\External\glowl\src\FramebufferObject.cpp">
      <Filter>Source Files\External\glowl</Filter>
    </ClCompile>
    <ClCompile Include="..\..\src\External\glowl\src\GLSLProgram.cpp">
      <Filter>Source Files\External\glowl</Filter>
    </ClCompile>
    <ClCompile Include="..\..\src\External\glowl\src\Mesh.cpp">
      <Filter>Source Files\External\glowl</Filter>
    </ClCompile>
    <ClCompile Include="..\..\src\External\glowl\src\ShaderStorageBufferObject.cpp">
      <Filter>Source Files\External\glowl</Filter>
    </ClCompile>
    <ClCompile Include="..\..\src\External\glowl\src\Texture2D.cpp">
      <Filter>Source Files\External\glowl</Filter>
    </ClCompile>
    <ClCompile Include="..\..\src\External\glowl\src\Texture2DArray.cpp">
      <Filter>Source Files\External\glowl</Filter>
    </ClCompile>
    <ClCompile Include="..\..\src\External\glowl\src\Texture2DView.cpp">
      <Filter>Source Files\External\glowl</Filter>
    </ClCompile>
    <ClCompile Include="..\..\src\External\glowl\src\Texture3D.cpp">
      <Filter>Source Files\External\glowl</Filter>
    </ClCompile>
    <ClCompile Include="..\..\src\External\glowl\src\Texture3DView.cpp">
      <Filter>Source Files\External\glowl</Filter>
    </ClCompile>
    <ClCompile Include="..\..\src\External\glad\src\glad.c">
      <Filter>Source Files\External\glad</Filter>
    </ClCompile>
    <ClCompile Include="..\..\src\EngineCore\RenderPass.cpp">
      <Filter>Source Files\EngineCore\Graphics</Filter>
    </ClCompile>
    <ClCompile Include="..\..\src\EngineCore\OpenGL\ResourceManager.cpp">
      <Filter>Source Files\EngineCore\Graphics\OpenGL</Filter>
    </ClCompile>
    <ClCompile Include="..\..\src\EngineCore\TransformComponentManager.cpp">
      <Filter>Source Files\EngineCore\Common</Filter>
    </ClCompile>
    <ClCompile Include="..\..\src\EngineCore\DebugNameComponentManager.cpp">
      <Filter>Source Files\EngineCore\Common</Filter>
    </ClCompile>
    <ClCompile Include="..\..\src\EngineCore\OpenGL\GraphicsBackend.cpp">
      <Filter>Source Files\EngineCore\Graphics\OpenGL</Filter>
    </ClCompile>
    <ClCompile Include="..\..\src\EngineCore\OpenGL\BasicRenderingPipeline.cpp">
      <Filter>Source Files\EngineCore\Graphics\OpenGL</Filter>
    </ClCompile>
    <ClCompile Include="..\..\src\EngineCore\ResourceLoading.cpp">
      <Filter>Source Files\EngineCore\Utility</Filter>
    </ClCompile>
    <ClCompile Include="..\..\src\External\lodepng\lodepng.cpp">
      <Filter>Source Files\External\lodepng</Filter>
    </ClCompile>
    <ClCompile Include="..\..\src\External\imgui\examples\imgui_impl_glfw.cpp">
      <Filter>Source Files\External\imgui</Filter>
    </ClCompile>
    <ClCompile Include="..\..\src\External\imgui\imgui.cpp">
      <Filter>Source Files\External\imgui</Filter>
    </ClCompile>
    <ClCompile Include="..\..\src\External\imgui\imgui_draw.cpp">
      <Filter>Source Files\External\imgui</Filter>
    </ClCompile>
    <ClCompile Include="..\..\src\External\imgui\imgui_demo.cpp">
      <Filter>Source Files\External\imgui</Filter>
    </ClCompile>
    <ClCompile Include="..\..\src\External\imgui\imgui_widgets.cpp">
      <Filter>Source Files\External\imgui</Filter>
    </ClCompile>
    <ClCompile Include="..\..\src\EngineCore\MeshComponentManager.cpp">
      <Filter>Source Files\EngineCore\Graphics</Filter>
    </ClCompile>
    <ClCompile Include="..\..\src\EngineCore\MaterialComponentManager.cpp">
      <Filter>Source Files\EngineCore\Graphics</Filter>
    </ClCompile>
    <ClCompile Include="..\..\src\EngineCore\RenderTaskComponentManager.cpp">
      <Filter>Source Files\EngineCore\Graphics</Filter>
    </ClCompile>
    <ClCompile Include="..\..\src\EngineCore\AirplanePhysicsComponent.cpp">
      <Filter>Source Files\EngineCore\Physics</Filter>
    </ClCompile>
    <ClCompile Include="..\..\src\EngineCore\SunlightComponentManager.cpp">
      <Filter>Source Files\EngineCore\Graphics</Filter>
    </ClCompile>
    <ClCompile Include="..\..\src\EngineCore\PointlightComponent.cpp">
      <Filter>Source Files\EngineCore\Graphics</Filter>
    </ClCompile>
    <ClCompile Include="..\..\src\EngineCore\CameraComponent.cpp">
      <Filter>Source Files\EngineCore\Graphics</Filter>
    </ClCompile>
  </ItemGroup>
</Project>