
Microsoft Visual Studio Solution File, Format Version 12.00
# Visual Studio 15
VisualStudioVersion = 15.0.28307.168
MinimumVisualStudioVersion = 10.0.40219.1
Project("{8BC9CEB8-8B4A-11D0-8D11-00A0C91BC942}") = "space-lion", "space-lion\space-lion.vcxproj", "{AE677F3A-A12E-42EF-AF2F-C65C9F765EFC}"
EndProject
Global
	GlobalSection(SolutionConfigurationPlatforms) = preSolution
		Debug|x64 = Debug|x64
		Release|x64 = Release|x64
	EndGlobalSection
	GlobalSection(ProjectConfigurationPlatforms) = postSolution
		{AE677F3A-A12E-42EF-AF2F-C65C9F765EFC}.Debug|x64.ActiveCfg = Debug|x64
		{AE677F3A-A12E-42EF-AF2F-C65C9F765EFC}.Debug|x64.Build.0 = Debug|x64
		{AE677F3A-A12E-42EF-AF2F-C65C9F765EFC}.Release|x64.ActiveCfg = Release|x64
		{AE677F3A-A12E-42EF-AF2F-C65C9F765EFC}.Release|x64.Build.0 = Release|x64
	EndGlobalSection
	GlobalSection(SolutionProperties) = preSolution
		HideSolutionNode = FALSE
	EndGlobalSection
	GlobalSection(ExtensibilityGlobals) = postSolution
		SolutionGuid = {B033C1D7-11ED-4967-9FB3-4B724F92BFD0}
	EndGlobalSection
EndGlobal
